PODS:
  - device_info_plus (0.0.1):
    - Flutter
  - Flutter (1.0.0)
  - flutter_nearby_connections (0.0.1):
    - Flutter
    - SwiftyJSON (~> 4.0)
  - SwiftyJSON (4.3.0)

DEPENDENCIES:
  - device_info_plus (from `.symlinks/plugins/device_info_plus/ios`)
  - Flutter (from `Flutter`)
  - flutter_nearby_connections (from `.symlinks/plugins/flutter_nearby_connections/ios`)

SPEC REPOS:
  trunk:
    - SwiftyJSON

EXTERNAL SOURCES:
  device_info_plus:
    :path: ".symlinks/plugins/device_info_plus/ios"
  Flutter:
    :path: Flutter
  flutter_nearby_connections:
    :path: ".symlinks/plugins/flutter_nearby_connections/ios"

SPEC CHECKSUMS:
  device_info_plus: 97af1d7e84681a90d0693e63169a5d50e0839a0d
  Flutter: e0871f40cf51350855a761d2e70bf5af5b9b5de7
  flutter_nearby_connections: 68c6cb88dcbf781e74adac01f4e93b853a30ee34
  SwiftyJSON: 6faa0040f8b59dead0ee07436cbf76b73c08fd08

PODFILE CHECKSUM: 819463e6a0290f5a72f145ba7cde16e8b6ef0796

COCOAPODS: 1.15.2
